
Microsoft Visual Studio Solution File, Format Version 12.00
# Visual Studio Version 16
VisualStudioVersion = 16.0.31005.135
MinimumVisualStudioVersion = 10.0.40219.1
Project("{9A19103F-16F7-4668-BE54-9A1E7A4F7556}") = "ShoppingCartService", "ShoppingCartService\ShoppingCartService.csproj", "{FD4332A6-9C32-4A29-9DBB-F46349A4891B}"
EndProject
Project("{E53339B2-1760-4266-BCC7-CA923CBCF16C}") = "docker-compose", "docker-compose.dcproj", "{919966D2-A3E5-490D-B0EA-75F18E22F745}"
EndProject
Project("{FAE04EC0-301F-11D3-BF4B-00C04F79EFBC}") = "ShippingCartTests", "ShippingCartTests\ShippingCartTests.csproj", "{3102BE8A-6495-4C18-9E3B-99260B7B26A4}"
EndProject
Global
	GlobalSection(SolutionConfigurationPlatforms) = preSolution
		Debug|Any CPU = Debug|Any CPU
		Release|Any CPU = Release|Any CPU
	EndGlobalSection
	GlobalSection(ProjectConfigurationPlatforms) = postSolution
		{FD4332A6-9C32-4A29-9DBB-F46349A4891B}.Debug|Any CPU.ActiveCfg = Debug|Any CPU
		{FD4332A6-9C32-4A29-9DBB-F46349A4891B}.Debug|Any CPU.Build.0 = Debug|Any CPU
		{FD4332A6-9C32-4A29-9DBB-F46349A4891B}.Release|Any CPU.ActiveCfg = Release|Any CPU
		{FD4332A6-9C32-4A29-9DBB-F46349A4891B}.Release|Any CPU.Build.0 = Release|Any CPU
		{919966D2-A3E5-490D-B0EA-75F18E22F745}.Debug|Any CPU.ActiveCfg = Debug|Any CPU
		{919966D2-A3E5-490D-B0EA-75F18E22F745}.Debug|Any CPU.Build.0 = Debug|Any CPU
		{919966D2-A3E5-490D-B0EA-75F18E22F745}.Release|Any CPU.ActiveCfg = Release|Any CPU
		{919966D2-A3E5-490D-B0EA-75F18E22F745}.Release|Any CPU.Build.0 = Release|Any CPU
		{3102BE8A-6495-4C18-9E3B-99260B7B26A4}.Debug|Any CPU.ActiveCfg = Debug|Any CPU
		{3102BE8A-6495-4C18-9E3B-99260B7B26A4}.Debug|Any CPU.Build.0 = Debug|Any CPU
		{3102BE8A-6495-4C18-9E3B-99260B7B26A4}.Release|Any CPU.ActiveCfg = Release|Any CPU
		{3102BE8A-6495-4C18-9E3B-99260B7B26A4}.Release|Any CPU.Build.0 = Release|Any CPU
	EndGlobalSection
	GlobalSection(SolutionProperties) = preSolution
		HideSolutionNode = FALSE
	EndGlobalSection
	GlobalSection(ExtensibilityGlobals) = postSolution
		SolutionGuid = {ED02F4FA-3A5A-438B-AF84-7569A0A28A67}
	EndGlobalSection
EndGlobal
